
Microsoft Visual Studio Solution File, Format Version 12.00
# Visual Studio Version 16
VisualStudioVersion = 16.0.31005.135
MinimumVisualStudioVersion = 10.0.40219.1
Project("{FAE04EC0-301F-11D3-BF4B-00C04F79EFBC}") = "01.SortEvenNumbers", "01.SortEvenNumbers\01.SortEvenNumbers.csproj", "{2187186D-D834-40E3-AC7F-B93103319E69}"
EndProject
Project("{FAE04EC0-301F-11D3-BF4B-00C04F79EFBC}") = "02.SumNumbers", "02.SumNumbers\02.SumNumbers.csproj", "{AE3AD648-F9C9-473C-A0CB-6DDF10CA28DD}"
EndProject
Project("{FAE04EC0-301F-11D3-BF4B-00C04F79EFBC}") = "03.CountUpperCaseWords", "03.CountUpperCaseWords\03.CountUpperCaseWords.csproj", "{E399DA7F-C521-4CB7-BB73-0DAF6B08488E}"
EndProject
Project("{FAE04EC0-301F-11D3-BF4B-00C04F79EFBC}") = "04.AddVAT", "04.AddVAT\04.AddVAT.csproj", "{64C6541E-DE17-44FA-BF82-C58A63B11CE6}"
EndProject
Project("{FAE04EC0-301F-11D3-BF4B-00C04F79EFBC}") = "05.FilterByAge", "05.FilterByAge\05.FilterByAge.csproj", "{5723533C-51CD-409D-9003-31D6682D3DF7}"
EndProject
Global
	GlobalSection(SolutionConfigurationPlatforms) = preSolution
		Debug|Any CPU = Debug|Any CPU
		Release|Any CPU = Release|Any CPU
	EndGlobalSection
	GlobalSection(ProjectConfigurationPlatforms) = postSolution
		{2187186D-D834-40E3-AC7F-B93103319E69}.Debug|Any CPU.ActiveCfg = Debug|Any CPU
		{2187186D-D834-40E3-AC7F-B93103319E69}.Debug|Any CPU.Build.0 = Debug|Any CPU
		{2187186D-D834-40E3-AC7F-B93103319E69}.Release|Any CPU.ActiveCfg = Release|Any CPU
		{2187186D-D834-40E3-AC7F-B93103319E69}.Release|Any CPU.Build.0 = Release|Any CPU
		{AE3AD648-F9C9-473C-A0CB-6DDF10CA28DD}.Debug|Any CPU.ActiveCfg = Debug|Any CPU
		{AE3AD648-F9C9-473C-A0CB-6DDF10CA28DD}.Debug|Any CPU.Build.0 = Debug|Any CPU
		{AE3AD648-F9C9-473C-A0CB-6DDF10CA28DD}.Release|Any CPU.ActiveCfg = Release|Any CPU
		{AE3AD648-F9C9-473C-A0CB-6DDF10CA28DD}.Release|Any CPU.Build.0 = Release|Any CPU
		{E399DA7F-C521-4CB7-BB73-0DAF6B08488E}.Debug|Any CPU.ActiveCfg = Debug|Any CPU
		{E399DA7F-C521-4CB7-BB73-0DAF6B08488E}.Debug|Any CPU.Build.0 = Debug|Any CPU
		{E399DA7F-C521-4CB7-BB73-0DAF6B08488E}.Release|Any CPU.ActiveCfg = Release|Any CPU
		{E399DA7F-C521-4CB7-BB73-0DAF6B08488E}.Release|Any CPU.Build.0 = Release|Any CPU
		{64C6541E-DE17-44FA-BF82-C58A63B11CE6}.Debug|Any CPU.ActiveCfg = Debug|Any CPU
		{64C6541E-DE17-44FA-BF82-C58A63B11CE6}.Debug|Any CPU.Build.0 = Debug|Any CPU
		{64C6541E-DE17-44FA-BF82-C58A63B11CE6}.Release|Any CPU.ActiveCfg = Release|Any CPU
		{64C6541E-DE17-44FA-BF82-C58A63B11CE6}.Release|Any CPU.Build.0 = Release|Any CPU
		{5723533C-51CD-409D-9003-31D6682D3DF7}.Debug|Any CPU.ActiveCfg = Debug|Any CPU
		{5723533C-51CD-409D-9003-31D6682D3DF7}.Debug|Any CPU.Build.0 = Debug|Any CPU
		{5723533C-51CD-409D-9003-31D6682D3DF7}.Release|Any CPU.ActiveCfg = Release|Any CPU
		{5723533C-51CD-409D-9003-31D6682D3DF7}.Release|Any CPU.Build.0 = Release|Any CPU
	EndGlobalSection
	GlobalSection(SolutionProperties) = preSolution
		HideSolutionNode = FALSE
	EndGlobalSection
	GlobalSection(ExtensibilityGlobals) = postSolution
		SolutionGuid = {3DD5A7AB-231D-422C-B928-1BBCF6061AF2}
	EndGlobalSection
EndGlobal
